{
  "object": {
    "pins": [
      {
        "package": "PSLock",
        "repositoryURL": "https://github.com/jeudesprits/PSLock",
        "state": {
          "branch": "master",
          "revision": "50514c94a0a0df6b321f4194cdfcef90b6c120a0",
          "version": null
        }
      }
    ]
  },
  "version": 1
}
